
Microsoft Visual Studio Solution File, Format Version 11.00
# Visual Studio 2010
Project("{FAE04EC0-301F-11D3-BF4B-00C04F79EFBC}") = "Core", "Core\Core.csproj", "{4B1DD2D9-9DBF-483F-8494-D1BD70DBA443}"
EndProject
Project("{FAE04EC0-301F-11D3-BF4B-00C04F79EFBC}") = "Core.Tests", "Core.Tests\Core.Tests.csproj", "{17F49B9F-A6AE-4D7F-A3C1-26521F37FA42}"
EndProject
Project("{FAE04EC0-301F-11D3-BF4B-00C04F79EFBC}") = "DefaultConfigurationMethod", "DefaultConfigurationMethod\DefaultConfigurationMethod.csproj", "{546EF118-12BB-48FD-96BA-C46097B7E8F8}"
EndProject
Project("{FAE04EC0-301F-11D3-BF4B-00C04F79EFBC}") = "DefaultConfigurationMethod.Tests", "DefaultConfigurationMethod.Tests\DefaultConfigurationMethod.Tests.csproj", "{8F2BA4FE-91BB-41BB-B8E6-3C6FCE68D02A}"
EndProject
Project("{FAE04EC0-301F-11D3-BF4B-00C04F79EFBC}") = "AppConfigConfigurationMethod", "AppConfigConfigurationMethod\AppConfigConfigurationMethod.csproj", "{E8CDD4BB-D8D3-49C8-A696-6A86611A587E}"
EndProject
Project("{FAE04EC0-301F-11D3-BF4B-00C04F79EFBC}") = "AppConfigConfigurationMethod.Tests", "AppConfigConfigurationMethod.Tests\AppConfigConfigurationMethod.Tests.csproj", "{7B6F354B-32AE-4D74-8846-1C46F224E620}"
EndProject
Project("{2150E333-8FDC-42A3-9474-1A3956D46DE8}") = "Samples", "Samples", "{229935E3-BEE9-4524-ADA5-1DA83A4EA291}"
EndProject
Project("{2150E333-8FDC-42A3-9474-1A3956D46DE8}") = "NewCore", "NewCore", "{975B9FDA-F7BB-4168-8759-E633378A8EC6}"
EndProject
Project("{2150E333-8FDC-42A3-9474-1A3956D46DE8}") = "ConfigurationMethods", "ConfigurationMethods", "{535865B7-B0A3-4BA6-901D-DFFAFA92FC0B}"
EndProject
Project("{2150E333-8FDC-42A3-9474-1A3956D46DE8}") = "AppConfig", "AppConfig", "{42DE8AE2-DDE0-4D27-9AD4-FA15B0D55551}"
EndProject
Project("{2150E333-8FDC-42A3-9474-1A3956D46DE8}") = "Default", "Default", "{BCFB3137-F6BB-44F1-AE59-CE21473ACE43}"
EndProject
Global
	GlobalSection(SolutionConfigurationPlatforms) = preSolution
		Debug|Any CPU = Debug|Any CPU
		Release|Any CPU = Release|Any CPU
	EndGlobalSection
	GlobalSection(ProjectConfigurationPlatforms) = postSolution
		{4B1DD2D9-9DBF-483F-8494-D1BD70DBA443}.Debug|Any CPU.ActiveCfg = Debug|Any CPU
		{4B1DD2D9-9DBF-483F-8494-D1BD70DBA443}.Debug|Any CPU.Build.0 = Debug|Any CPU
		{4B1DD2D9-9DBF-483F-8494-D1BD70DBA443}.Release|Any CPU.ActiveCfg = Release|Any CPU
		{4B1DD2D9-9DBF-483F-8494-D1BD70DBA443}.Release|Any CPU.Build.0 = Release|Any CPU
		{17F49B9F-A6AE-4D7F-A3C1-26521F37FA42}.Debug|Any CPU.ActiveCfg = Debug|Any CPU
		{17F49B9F-A6AE-4D7F-A3C1-26521F37FA42}.Debug|Any CPU.Build.0 = Debug|Any CPU
		{17F49B9F-A6AE-4D7F-A3C1-26521F37FA42}.Release|Any CPU.ActiveCfg = Release|Any CPU
		{17F49B9F-A6AE-4D7F-A3C1-26521F37FA42}.Release|Any CPU.Build.0 = Release|Any CPU
		{546EF118-12BB-48FD-96BA-C46097B7E8F8}.Debug|Any CPU.ActiveCfg = Debug|Any CPU
		{546EF118-12BB-48FD-96BA-C46097B7E8F8}.Debug|Any CPU.Build.0 = Debug|Any CPU
		{546EF118-12BB-48FD-96BA-C46097B7E8F8}.Release|Any CPU.ActiveCfg = Release|Any CPU
		{546EF118-12BB-48FD-96BA-C46097B7E8F8}.Release|Any CPU.Build.0 = Release|Any CPU
		{8F2BA4FE-91BB-41BB-B8E6-3C6FCE68D02A}.Debug|Any CPU.ActiveCfg = Debug|Any CPU
		{8F2BA4FE-91BB-41BB-B8E6-3C6FCE68D02A}.Debug|Any CPU.Build.0 = Debug|Any CPU
		{8F2BA4FE-91BB-41BB-B8E6-3C6FCE68D02A}.Release|Any CPU.ActiveCfg = Release|Any CPU
		{8F2BA4FE-91BB-41BB-B8E6-3C6FCE68D02A}.Release|Any CPU.Build.0 = Release|Any CPU
		{E8CDD4BB-D8D3-49C8-A696-6A86611A587E}.Debug|Any CPU.ActiveCfg = Debug|Any CPU
		{E8CDD4BB-D8D3-49C8-A696-6A86611A587E}.Debug|Any CPU.Build.0 = Debug|Any CPU
		{E8CDD4BB-D8D3-49C8-A696-6A86611A587E}.Release|Any CPU.ActiveCfg = Release|Any CPU
		{E8CDD4BB-D8D3-49C8-A696-6A86611A587E}.Release|Any CPU.Build.0 = Release|Any CPU
		{7B6F354B-32AE-4D74-8846-1C46F224E620}.Debug|Any CPU.ActiveCfg = Debug|Any CPU
		{7B6F354B-32AE-4D74-8846-1C46F224E620}.Debug|Any CPU.Build.0 = Debug|Any CPU
		{7B6F354B-32AE-4D74-8846-1C46F224E620}.Release|Any CPU.ActiveCfg = Release|Any CPU
		{7B6F354B-32AE-4D74-8846-1C46F224E620}.Release|Any CPU.Build.0 = Release|Any CPU
	EndGlobalSection
	GlobalSection(SolutionProperties) = preSolution
		HideSolutionNode = FALSE
	EndGlobalSection
	GlobalSection(NestedProjects) = preSolution
		{4B1DD2D9-9DBF-483F-8494-D1BD70DBA443} = {975B9FDA-F7BB-4168-8759-E633378A8EC6}
		{17F49B9F-A6AE-4D7F-A3C1-26521F37FA42} = {975B9FDA-F7BB-4168-8759-E633378A8EC6}
		{42DE8AE2-DDE0-4D27-9AD4-FA15B0D55551} = {535865B7-B0A3-4BA6-901D-DFFAFA92FC0B}
		{BCFB3137-F6BB-44F1-AE59-CE21473ACE43} = {535865B7-B0A3-4BA6-901D-DFFAFA92FC0B}
		{E8CDD4BB-D8D3-49C8-A696-6A86611A587E} = {42DE8AE2-DDE0-4D27-9AD4-FA15B0D55551}
		{7B6F354B-32AE-4D74-8846-1C46F224E620} = {42DE8AE2-DDE0-4D27-9AD4-FA15B0D55551}
		{546EF118-12BB-48FD-96BA-C46097B7E8F8} = {BCFB3137-F6BB-44F1-AE59-CE21473ACE43}
		{8F2BA4FE-91BB-41BB-B8E6-3C6FCE68D02A} = {BCFB3137-F6BB-44F1-AE59-CE21473ACE43}
	EndGlobalSection
EndGlobal
